
Microsoft Visual Studio Solution File, Format Version 12.00
# Visual Studio Version 17
VisualStudioVersion = 17.9.34728.123
MinimumVisualStudioVersion = 10.0.40219.1
Project("{FAE04EC0-301F-11D3-BF4B-00C04F79EFBC}") = "Serialization", "Serialization\Serialization.csproj", "{ACC7D4F6-35E8-4705-AD85-D5ED06BA0B53}"
EndProject
Global
	GlobalSection(SolutionConfigurationPlatforms) = preSolution
		Debug|Any CPU = Debug|Any CPU
		Release|Any CPU = Release|Any CPU
	EndGlobalSection
	GlobalSection(ProjectConfigurationPlatforms) = postSolution
		{ACC7D4F6-35E8-4705-AD85-D5ED06BA0B53}.Debug|Any CPU.ActiveCfg = Debug|Any CPU
		{ACC7D4F6-35E8-4705-AD85-D5ED06BA0B53}.Debug|Any CPU.Build.0 = Debug|Any CPU
		{ACC7D4F6-35E8-4705-AD85-D5ED06BA0B53}.Release|Any CPU.ActiveCfg = Release|Any CPU
		{ACC7D4F6-35E8-4705-AD85-D5ED06BA0B53}.Release|Any CPU.Build.0 = Release|Any CPU
	EndGlobalSection
	GlobalSection(SolutionProperties) = preSolution
		HideSolutionNode = FALSE
	EndGlobalSection
	GlobalSection(ExtensibilityGlobals) = postSolution
		SolutionGuid = {38F53F79-57CF-4B8A-81B5-F211521DEB4F}
	EndGlobalSection
EndGlobal
